
Microsoft Visual Studio Solution File, Format Version 12.00
# Visual Studio Version 16
VisualStudioVersion = 16.0.29728.190
MinimumVisualStudioVersion = 10.0.40219.1
Project("{9A19103F-16F7-4668-BE54-9A1E7A4F7556}") = "SagaImporter", "SagaImporter.csproj", "{A56266BD-15CD-49FF-A115-A213E00E06D3}"
EndProject
Project("{9A19103F-16F7-4668-BE54-9A1E7A4F7556}") = "SagaDb", "..\SagaDb\SagaDb.csproj", "{883CBDC1-2573-410F-830A-B3E8C520520A}"
EndProject
Project("{9A19103F-16F7-4668-BE54-9A1E7A4F7556}") = "SagaUtil", "..\SagaUtil\SagaUtil.csproj", "{F4E52F2D-03DB-4B22-8F6E-7A74B718959C}"
EndProject
Global
	GlobalSection(SolutionConfigurationPlatforms) = preSolution
		Debug|Any CPU = Debug|Any CPU
		Release|Any CPU = Release|Any CPU
	EndGlobalSection
	GlobalSection(ProjectConfigurationPlatforms) = postSolution
		{A56266BD-15CD-49FF-A115-A213E00E06D3}.Debug|Any CPU.ActiveCfg = Debug|Any CPU
		{A56266BD-15CD-49FF-A115-A213E00E06D3}.Debug|Any CPU.Build.0 = Debug|Any CPU
		{A56266BD-15CD-49FF-A115-A213E00E06D3}.Release|Any CPU.ActiveCfg = Release|Any CPU
		{A56266BD-15CD-49FF-A115-A213E00E06D3}.Release|Any CPU.Build.0 = Release|Any CPU
		{883CBDC1-2573-410F-830A-B3E8C520520A}.Debug|Any CPU.ActiveCfg = Debug|Any CPU
		{883CBDC1-2573-410F-830A-B3E8C520520A}.Debug|Any CPU.Build.0 = Debug|Any CPU
		{883CBDC1-2573-410F-830A-B3E8C520520A}.Release|Any CPU.ActiveCfg = Release|Any CPU
		{883CBDC1-2573-410F-830A-B3E8C520520A}.Release|Any CPU.Build.0 = Release|Any CPU
		{F4E52F2D-03DB-4B22-8F6E-7A74B718959C}.Debug|Any CPU.ActiveCfg = Debug|Any CPU
		{F4E52F2D-03DB-4B22-8F6E-7A74B718959C}.Debug|Any CPU.Build.0 = Debug|Any CPU
		{F4E52F2D-03DB-4B22-8F6E-7A74B718959C}.Release|Any CPU.ActiveCfg = Release|Any CPU
		{F4E52F2D-03DB-4B22-8F6E-7A74B718959C}.Release|Any CPU.Build.0 = Release|Any CPU
	EndGlobalSection
	GlobalSection(SolutionProperties) = preSolution
		HideSolutionNode = FALSE
	EndGlobalSection
	GlobalSection(ExtensibilityGlobals) = postSolution
		SolutionGuid = {706EBB96-D379-4689-93B4-4A4EE13A8924}
	EndGlobalSection
EndGlobal
